// !$*UTF8*$!
{
	archiveVersion = 1;
	classes = {
	};
	objectVersion = 46;
	objects = {

/* Begin PBXBuildFile section */
		02519E921EAA42C7001C1EF7 /* SWRevealViewController.m in Sources */ = {isa = PBXBuildFile; fileRef = 02519E911EAA42C7001C1EF7 /* SWRevealViewController.m */; };
		02D768A01EA8D9C600D86B93 /* AppDelegate.swift in Sources */ = {isa = PBXBuildFile; fileRef = 02D7689F1EA8D9C600D86B93 /* AppDelegate.swift */; };
		02D768A21EA8D9C600D86B93 /* ViewController.swift in Sources */ = {isa = PBXBuildFile; fileRef = 02D768A11EA8D9C600D86B93 /* ViewController.swift */; };
		02D768A51EA8D9C600D86B93 /* Main.storyboard in Resources */ = {isa = PBXBuildFile; fileRef = 02D768A31EA8D9C600D86B93 /* Main.storyboard */; };
		02D768A71EA8D9C600D86B93 /* Assets.xcassets in Resources */ = {isa = PBXBuildFile; fileRef = 02D768A61EA8D9C600D86B93 /* Assets.xcassets */; };
		02D768AA1EA8D9C600D86B93 /* LaunchScreen.storyboard in Resources */ = {isa = PBXBuildFile; fileRef = 02D768A81EA8D9C600D86B93 /* LaunchScreen.storyboard */; };
		02E174DE1EB2317400441C7D /* RearViewController.swift in Sources */ = {isa = PBXBuildFile; fileRef = 02E174DD1EB2317400441C7D /* RearViewController.swift */; };
/* End PBXBuildFile section */

/* Begin PBXFileReference section */
		02519E8F1EAA42C7001C1EF7 /* HowlNavigationBar-Bridging-Header.h */ = {isa = PBXFileReference; lastKnownFileType = sourcecode.c.h; path = "HowlNavigationBar-Bridging-Header.h"; sourceTree = "<group>"; };
		02519E901EAA42C7001C1EF7 /* SWRevealViewController.h */ = {isa = PBXFileReference; fileEncoding = 4; lastKnownFileType = sourcecode.c.h; path = SWRevealViewController.h; sourceTree = "<group>"; };
		02519E911EAA42C7001C1EF7 /* SWRevealViewController.m */ = {isa = PBXFileReference; fileEncoding = 4; lastKnownFileType = sourcecode.c.objc; path = SWRevealViewController.m; sourceTree = "<group>"; };
		02D7689C1EA8D9C600D86B93 /* HowlNavigationBar.app */ = {isa = PBXFileReference; explicitFileType = wrapper.application; includeInIndex = 0; path = HowlNavigationBar.app; sourceTree = BUILT_PRODUCTS_DIR; };
		02D7689F1EA8D9C600D86B93 /* AppDelegate.swift */ = {isa = PBXFileReference; lastKnownFileType = sourcecode.swift; path = AppDelegate.swift; sourceTree = "<group>"; };
		02D768A11EA8D9C600D86B93 /* ViewController.swift */ = {isa = PBXFileReference; lastKnownFileType = sourcecode.swift; path = ViewController.swift; sourceTree = "<group>"; };
		02D768A41EA8D9C600D86B93 /* Base */ = {isa = PBXFileReference; lastKnownFileType = file.storyboard; name = Base; path = Base.lproj/Main.storyboard; sourceTree = "<group>"; };
		02D768A61EA8D9C600D86B93 /* Assets.xcassets */ = {isa = PBXFileReference; lastKnownFileType = folder.assetcatalog; path = Assets.xcassets; sourceTree = "<group>"; };
		02D768A91EA8D9C600D86B93 /* Base */ = {isa = PBXFileReference; lastKnownFileType = file.storyboard; name = Base; path = Base.lproj/LaunchScreen.storyboard; sourceTree = "<group>"; };
		02D768AB1EA8D9C600D86B93 /* Info.plist */ = {isa = PBXFileReference; lastKnownFileType = text.plist.xml; path = Info.plist; sourceTree = "<group>"; };
		02E174DD1EB2317400441C7D /* RearViewController.swift */ = {isa = PBXFileReference; fileEncoding = 4; lastKnownFileType = sourcecode.swift; path = RearViewController.swift; sourceTree = "<group>"; };
/* End PBXFileReference section */

/* Begin PBXFrameworksBuildPhase section */
		02D768991EA8D9C600D86B93 /* Frameworks */ = {
			isa = PBXFrameworksBuildPhase;
			buildActionMask = 2147483647;
			files = (
			);
			runOnlyForDeploymentPostprocessing = 0;
		};
/* End PBXFrameworksBuildPhase section */

/* Begin PBXGroup section */
		02519E8E1EAA42A0001C1EF7 /* Supporting File */ = {
			isa = PBXGroup;
			children = (
				02519E901EAA42C7001C1EF7 /* SWRevealViewController.h */,
				02519E911EAA42C7001C1EF7 /* SWRevealViewController.m */,
				02519E8F1EAA42C7001C1EF7 /* HowlNavigationBar-Bridging-Header.h */,
			);
			name = "Supporting File";
			sourceTree = "<group>";
		};
		02D768931EA8D9C600D86B93 = {
			isa = PBXGroup;
			children = (
				02D7689E1EA8D9C600D86B93 /* HowlNavigationBar */,
				02D7689D1EA8D9C600D86B93 /* Products */,
			);
			sourceTree = "<group>";
		};
		02D7689D1EA8D9C600D86B93 /* Products */ = {
			isa = PBXGroup;
			children = (
				02D7689C1EA8D9C600D86B93 /* HowlNavigationBar.app */,
			);
			name = Products;
			sourceTree = "<group>";
		};
		02D7689E1EA8D9C600D86B93 /* HowlNavigationBar */ = {
			isa = PBXGroup;
			children = (
				02519E8E1EAA42A0001C1EF7 /* Supporting File */,
				02D7689F1EA8D9C600D86B93 /* AppDelegate.swift */,
				02D768A11EA8D9C600D86B93 /* ViewController.swift */,
				02D768A31EA8D9C600D86B93 /* Main.storyboard */,
				02D768A61EA8D9C600D86B93 /* Assets.xcassets */,
				02D768A81EA8D9C600D86B93 /* LaunchScreen.storyboard */,
				02D768AB1EA8D9C600D86B93 /* Info.plist */,
				02E174DD1EB2317400441C7D /* RearViewController.swift */,
			);
			path = HowlNavigationBar;
			sourceTree = "<group>";
		};
/* End PBXGroup section */

/* Begin PBXNativeTarget section */
		02D7689B1EA8D9C600D86B93 /* HowlNavigationBar */ = {
			isa = PBXNativeTarget;
			buildConfigurationList = 02D768AE1EA8D9C600D86B93 /* Build configuration list for PBXNativeTarget "HowlNavigationBar" */;
			buildPhases = (
				02D768981EA8D9C600D86B93 /* Sources */,
				02D768991EA8D9C600D86B93 /* Frameworks */,
				02D7689A1EA8D9C600D86B93 /* Resources */,
			);
			buildRules = (
			);
			dependencies = (
			);
			name = HowlNavigationBar;
			productName = HowlNavigationBar;
			productReference = 02D7689C1EA8D9C600D86B93 /* HowlNavigationBar.app */;
			productType = "com.apple.product-type.application";
		};
/* End PBXNativeTarget section */

/* Begin PBXProject section */
		02D768941EA8D9C600D86B93 /* Project object */ = {
			isa = PBXProject;
			attributes = {
				LastSwiftUpdateCheck = 0830;
				LastUpgradeCheck = 0830;
				ORGANIZATIONNAME = swift;
				TargetAttributes = {
					02D7689B1EA8D9C600D86B93 = {
						CreatedOnToolsVersion = 8.3.1;
						LastSwiftMigration = 0830;
						ProvisioningStyle = Automatic;
					};
				};
			};
			buildConfigurationList = 02D768971EA8D9C600D86B93 /* Build configuration list for PBXProject "HowlNavigationBar" */;
			compatibilityVersion = "Xcode 3.2";
			developmentRegion = English;
			hasScannedForEncodings = 0;
			knownRegions = (
				en,
				Base,
			);
			mainGroup = 02D768931EA8D9C600D86B93;
			productRefGroup = 02D7689D1EA8D9C600D86B93 /* Products */;
			projectDirPath = "";
			projectRoot = "";
			targets = (
				02D7689B1EA8D9C600D86B93 /* HowlNavigationBar */,
			);
		};
/* End PBXProject section */

/* Begin PBXResourcesBuildPhase section */
		02D7689A1EA8D9C600D86B93 /* Resources */ = {
			isa = PBXResourcesBuildPhase;
			buildActionMask = 2147483647;
			files = (
				02D768AA1EA8D9C600D86B93 /* LaunchScreen.storyboard in Resources */,
				02D768A71EA8D9C600D86B93 /* Assets.xcassets in Resources */,
				02D768A51EA8D9C600D86B93 /* Main.storyboard in Resources */,
			);
			runOnlyForDeploymentPostprocessing = 0;
		};
/* End PBXResourcesBuildPhase section */

/* Begin PBXSourcesBuildPhase section */
		02D768981EA8D9C600D86B93 /* Sources */ = {
			isa = PBXSourcesBuildPhase;
			buildActionMask = 2147483647;
			files = (
				02E174DE1EB2317400441C7D /* RearViewController.swift in Sources */,
				02D768A21EA8D9C600D86B93 /* ViewController.swift in Sources */,
				02D768A01EA8D9C600D86B93 /* AppDelegate.swift in Sources */,
				02519E921EAA42C7001C1EF7 /* SWRevealViewController.m in Sources */,
			);
			runOnlyForDeploymentPostprocessing = 0;
		};
/* End PBXSourcesBuildPhase section */

/* Begin PBXVariantGroup section */
		02D768A31EA8D9C600D86B93 /* Main.storyboard */ = {
			isa = PBXVariantGroup;
			children = (
				02D768A41EA8D9C600D86B93 /* Base */,
			);
			name = Main.storyboard;
			sourceTree = "<group>";
		};
		02D768A81EA8D9C600D86B93 /* LaunchScreen.storyboard */ = {
			isa = PBXVariantGroup;
			children = (
				02D768A91EA8D9C600D86B93 /* Base */,
			);
			name = LaunchScreen.storyboard;
			sourceTree = "<group>";
		};
/* End PBXVariantGroup section */

/* Begin XCBuildConfiguration section */
		02D768AC1EA8D9C600D86B93 /* Debug */ = {
			isa = XCBuildConfiguration;
			buildSettings = {
				ALWAYS_SEARCH_USER_PATHS = NO;
				CLANG_ANALYZER_NONNULL = YES;
				CLANG_ANALYZER_NUMBER_OBJECT_CONVERSION = YES_AGGRESSIVE;
				CLANG_CXX_LANGUAGE_STANDARD = "gnu++0x";
				CLANG_CXX_LIBRARY = "libc++";
				CLANG_ENABLE_MODULES = YES;
				CLANG_ENABLE_OBJC_ARC = YES;
				CLANG_WARN_BOOL_CONVERSION = YES;
				CLANG_WARN_CONSTANT_CONVERSION = YES;
				CLANG_WARN_DIRECT_OBJC_ISA_USAGE = YES_ERROR;
				CLANG_WARN_DOCUMENTATION_COMMENTS = YES;
				CLANG_WARN_EMPTY_BODY = YES;
				CLANG_WARN_ENUM_CONVERSION = YES;
				CLANG_WARN_INFINITE_RECURSION = YES;
				CLANG_WARN_INT_CONVERSION = YES;
				CLANG_WARN_OBJC_ROOT_CLASS = YES_ERROR;
				CLANG_WARN_SUSPICIOUS_MOVE = YES;
				CLANG_WARN_UNREACHABLE_CODE = YES;
				CLANG_WARN__DUPLICATE_METHOD_MATCH = YES;
				"CODE_SIGN_IDENTITY[sdk=iphoneos*]" = "iPhone Developer";
				COPY_PHASE_STRIP = NO;
				DEBUG_INFORMATION_FORMAT = dwarf;
				ENABLE_STRICT_OBJC_MSGSEND = YES;
				ENABLE_TESTABILITY = YES;
				GCC_C_LANGUAGE_STANDARD = gnu99;
				GCC_DYNAMIC_NO_PIC = NO;
				GCC_NO_COMMON_BLOCKS = YES;
				GCC_OPTIMIZATION_LEVEL = 0;
				GCC_PREPROCESSOR_DEFINITIONS = (
					"DEBUG=1",
					"$(inherited)",
				);
				GCC_WARN_64_TO_32_BIT_CONVERSION = YES;
				GCC_WARN_ABOUT_RETURN_TYPE = YES_ERROR;
				GCC_WARN_UNDECLARED_SELECTOR = YES;
				GCC_WARN_UNINITIALIZED_AUTOS = YES_AGGRESSIVE;
				GCC_WARN_UNUSED_FUNCTION = YES;
				GCC_WARN_UNUSED_VARIABLE = YES;
				IPHONEOS_DEPLOYMENT_TARGET = 10.3;
				MTL_ENABLE_DEBUG_INFO = YES;
				ONLY_ACTIVE_ARCH = YES;
				SDKROOT = iphoneos;
				SWIFT_ACTIVE_COMPILATION_CONDITIONS = DEBUG;
				SWIFT_OPTIMIZATION_LEVEL = "-Onone";
			};
			name = Debug;
		};
		02D768AD1EA8D9C600D86B93 /* Release */ = {
			isa = XCBuildConfiguration;
			buildSettings = {
				ALWAYS_SEARCH_USER_PATHS = NO;
				CLANG_ANALYZER_NONNULL = YES;
				CLANG_ANALYZER_NUMBER_OBJECT_CONVERSION = YES_AGGRESSIVE;
				CLANG_CXX_LANGUAGE_STANDARD = "gnu++0x";
				CLANG_CXX_LIBRARY = "libc++";
				CLANG_ENABLE_MODULES = YES;
				CLANG_ENABLE_OBJC_ARC = YES;
				CLANG_WARN_BOOL_CONVERSION = YES;
				CLANG_WARN_CONSTANT_CONVERSION = YES;
				CLANG_WARN_DIRECT_OBJC_ISA_USAGE = YES_ERROR;
				CLANG_WARN_DOCUMENTATION_COMMENTS = YES;
				CLANG_WARN_EMPTY_BODY = YES;
				CLANG_WARN_ENUM_CONVERSION = YES;
				CLANG_WARN_INFINITE_RECURSION = YES;
				CLANG_WARN_INT_CONVERSION = YES;
				CLANG_WARN_OBJC_ROOT_CLASS = YES_ERROR;
				CLANG_WARN_SUSPICIOUS_MOVE = YES;
				CLANG_WARN_UNREACHABLE_CODE = YES;
				CLANG_WARN__DUPLICATE_METHOD_MATCH = YES;
				"CODE_SIGN_IDENTITY[sdk=iphoneos*]" = "iPhone Developer";
				COPY_PHASE_STRIP = NO;
				DEBUG_INFORMATION_FORMAT = "dwarf-with-dsym";
				ENABLE_NS_ASSERTIONS = NO;
				ENABLE_STRICT_OBJC_MSGSEND = YES;
				GCC_C_LANGUAGE_STANDARD = gnu99;
				GCC_NO_COMMON_BLOCKS = YES;
				GCC_WARN_64_TO_32_BIT_CONVERSION = YES;
				GCC_WARN_ABOUT_RETURN_TYPE = YES_ERROR;
				GCC_WARN_UNDECLARED_SELECTOR = YES;
				GCC_WARN_UNINITIALIZED_AUTOS = YES_AGGRESSIVE;
				GCC_WARN_UNUSED_FUNCTION = YES;
				GCC_WARN_UNUSED_VARIABLE = YES;
				IPHONEOS_DEPLOYMENT_TARGET = 10.3;
				MTL_ENABLE_DEBUG_INFO = NO;
				SDKROOT = iphoneos;
				SWIFT_OPTIMIZATION_LEVEL = "-Owholemodule";
				VALIDATE_PRODUCT = YES;
			};
			name = Release;
		};
		02D768AF1EA8D9C600D86B93 /* Debug */ = {
			isa = XCBuildConfiguration;
			buildSettings = {
				ASSETCATALOG_COMPILER_APPICON_NAME = AppIcon;
				CLANG_ENABLE_MODULES = YES;
				INFOPLIST_FILE = HowlNavigationBar/Info.plist;
				LD_RUNPATH_SEARCH_PATHS = "$(inherited) @executable_path/Frameworks";
				PRODUCT_BUNDLE_IDENTIFIER = com.swift.HowlNavigationBar;
				PRODUCT_NAME = "$(TARGET_NAME)";
				SWIFT_OBJC_BRIDGING_HEADER = "HowlNavigationBar/HowlNavigationBar-Bridging-Header.h";
				SWIFT_OPTIMIZATION_LEVEL = "-Onone";
				SWIFT_VERSION = 3.0;
			};
			name = Debug;
		};
		02D768B01EA8D9C600D86B93 /* Release */ = {
			isa = XCBuildConfiguration;
			buildSettings = {
				ASSETCATALOG_COMPILER_APPICON_NAME = AppIcon;
				CLANG_ENABLE_MODULES = YES;
				INFOPLIST_FILE = HowlNavigationBar/Info.plist;
				LD_RUNPATH_SEARCH_PATHS = "$(inherited) @executable_path/Frameworks";
				PRODUCT_BUNDLE_IDENTIFIER = com.swift.HowlNavigationBar;
				PRODUCT_NAME = "$(TARGET_NAME)";
				SWIFT_OBJC_BRIDGING_HEADER = "HowlNavigationBar/HowlNavigationBar-Bridging-Header.h";
				SWIFT_VERSION = 3.0;
			};
			name = Release;
		};
/* End XCBuildConfiguration section */

/* Begin XCConfigurationList section */
		02D768971EA8D9C600D86B93 /* Build configuration list for PBXProject "HowlNavigationBar" */ = {
			isa = XCConfigurationList;
			buildConfigurations = (
				02D768AC1EA8D9C600D86B93 /* Debug */,
				02D768AD1EA8D9C600D86B93 /* Release */,
			);
			defaultConfigurationIsVisible = 0;
			defaultConfigurationName = Release;
		};
		02D768AE1EA8D9C600D86B93 /* Build configuration list for PBXNativeTarget "HowlNavigationBar" */ = {
			isa = XCConfigurationList;
			buildConfigurations = (
				02D768AF1EA8D9C600D86B93 /* Debug */,
				02D768B01EA8D9C600D86B93 /* Release */,
			);
			defaultConfigurationIsVisible = 0;
			defaultConfigurationName = Release;
		};
/* End XCConfigurationList section */
	};
	rootObject = 02D768941EA8D9C600D86B93 /* Project object */;
}
